
Microsoft Visual Studio Solution File, Format Version 12.00
# Visual Studio Version 16
VisualStudioVersion = 16.0.29020.237
MinimumVisualStudioVersion = 10.0.40219.1
Project("{D954291E-2A0B-460D-934E-DC6B0785DB48}") = "UnoPlatformSandbox.Shared", "UnoPlatformSandbox\UnoPlatformSandbox.Shared\UnoPlatformSandbox.Shared.shproj", "{6279C845-92F8-4333-AB99-3D213163593C}"
EndProject
Project("{FAE04EC0-301F-11D3-BF4B-00C04F79EFBC}") = "UnoPlatformSandbox.Droid", "UnoPlatformSandbox\UnoPlatformSandbox.Droid\UnoPlatformSandbox.Droid.csproj", "{0DA712F4-BB86-4DD0-8292-246D3A1C33C5}"
EndProject
Project("{FAE04EC0-301F-11D3-BF4B-00C04F79EFBC}") = "UnoPlatformSandbox.iOS", "UnoPlatformSandbox\UnoPlatformSandbox.iOS\UnoPlatformSandbox.iOS.csproj", "{4E27F1B8-2EAC-4CCD-BBDF-FBCDE77B290F}"
EndProject
Project("{FAE04EC0-301F-11D3-BF4B-00C04F79EFBC}") = "UnoPlatformSandbox.UWP", "UnoPlatformSandbox\UnoPlatformSandbox.UWP\UnoPlatformSandbox.UWP.csproj", "{320C36C4-F70F-49EB-AADB-9921DD7741D2}"
EndProject
Project("{9A19103F-16F7-4668-BE54-9A1E7A4F7556}") = "UnoPlatformSandbox.Wasm", "UnoPlatformSandbox\UnoPlatformSandbox.Wasm\UnoPlatformSandbox.Wasm.csproj", "{2106D2BB-EA87-4FF2-A9FF-EC4ACD1FE964}"
EndProject
Global
	GlobalSection(SharedMSBuildProjectFiles) = preSolution
		UnoPlatformSandbox\UnoPlatformSandbox.Shared\UnoPlatformSandbox.Shared.projitems*{320c36c4-f70f-49eb-aadb-9921dd7741d2}*SharedItemsImports = 4
		UnoPlatformSandbox\UnoPlatformSandbox.Shared\UnoPlatformSandbox.Shared.projitems*{6279c845-92f8-4333-ab99-3d213163593c}*SharedItemsImports = 13
	EndGlobalSection
	GlobalSection(SolutionConfigurationPlatforms) = preSolution
		Ad-Hoc|Any CPU = Ad-Hoc|Any CPU
		Ad-Hoc|ARM = Ad-Hoc|ARM
		Ad-Hoc|iPhone = Ad-Hoc|iPhone
		Ad-Hoc|iPhoneSimulator = Ad-Hoc|iPhoneSimulator
		Ad-Hoc|x64 = Ad-Hoc|x64
		Ad-Hoc|x86 = Ad-Hoc|x86
		AppStore|Any CPU = AppStore|Any CPU
		AppStore|ARM = AppStore|ARM
		AppStore|iPhone = AppStore|iPhone
		AppStore|iPhoneSimulator = AppStore|iPhoneSimulator
		AppStore|x64 = AppStore|x64
		AppStore|x86 = AppStore|x86
		Debug|Any CPU = Debug|Any CPU
		Debug|ARM = Debug|ARM
		Debug|iPhone = Debug|iPhone
		Debug|iPhoneSimulator = Debug|iPhoneSimulator
		Debug|x64 = Debug|x64
		Debug|x86 = Debug|x86
		Release|Any CPU = Release|Any CPU
		Release|ARM = Release|ARM
		Release|iPhone = Release|iPhone
		Release|iPhoneSimulator = Release|iPhoneSimulator
		Release|x64 = Release|x64
		Release|x86 = Release|x86
	EndGlobalSection
	GlobalSection(ProjectConfigurationPlatforms) = postSolution
		{0DA712F4-BB86-4DD0-8292-246D3A1C33C5}.Ad-Hoc|Any CPU.ActiveCfg = Release|Any CPU
		{0DA712F4-BB86-4DD0-8292-246D3A1C33C5}.Ad-Hoc|Any CPU.Build.0 = Release|Any CPU
		{0DA712F4-BB86-4DD0-8292-246D3A1C33C5}.Ad-Hoc|Any CPU.Deploy.0 = Release|Any CPU
		{0DA712F4-BB86-4DD0-8292-246D3A1C33C5}.Ad-Hoc|ARM.ActiveCfg = Release|Any CPU
		{0DA712F4-BB86-4DD0-8292-246D3A1C33C5}.Ad-Hoc|ARM.Build.0 = Release|Any CPU
		{0DA712F4-BB86-4DD0-8292-246D3A1C33C5}.Ad-Hoc|ARM.Deploy.0 = Release|Any CPU
		{0DA712F4-BB86-4DD0-8292-246D3A1C33C5}.Ad-Hoc|iPhone.ActiveCfg = Release|Any CPU
		{0DA712F4-BB86-4DD0-8292-246D3A1C33C5}.Ad-Hoc|iPhone.Build.0 = Release|Any CPU
		{0DA712F4-BB86-4DD0-8292-246D3A1C33C5}.Ad-Hoc|iPhone.Deploy.0 = Release|Any CPU
		{0DA712F4-BB86-4DD0-8292-246D3A1C33C5}.Ad-Hoc|iPhoneSimulator.ActiveCfg = Release|Any CPU
		{0DA712F4-BB86-4DD0-8292-246D3A1C33C5}.Ad-Hoc|iPhoneSimulator.Build.0 = Release|Any CPU
		{0DA712F4-BB86-4DD0-8292-246D3A1C33C5}.Ad-Hoc|iPhoneSimulator.Deploy.0 = Release|Any CPU
		{0DA712F4-BB86-4DD0-8292-246D3A1C33C5}.Ad-Hoc|x64.ActiveCfg = Release|Any CPU
		{0DA712F4-BB86-4DD0-8292-246D3A1C33C5}.Ad-Hoc|x64.Build.0 = Release|Any CPU
		{0DA712F4-BB86-4DD0-8292-246D3A1C33C5}.Ad-Hoc|x64.Deploy.0 = Release|Any CPU
		{0DA712F4-BB86-4DD0-8292-246D3A1C33C5}.Ad-Hoc|x86.ActiveCfg = Release|Any CPU
		{0DA712F4-BB86-4DD0-8292-246D3A1C33C5}.Ad-Hoc|x86.Build.0 = Release|Any CPU
		{0DA712F4-BB86-4DD0-8292-246D3A1C33C5}.Ad-Hoc|x86.Deploy.0 = Release|Any CPU
		{0DA712F4-BB86-4DD0-8292-246D3A1C33C5}.AppStore|Any CPU.ActiveCfg = Release|Any CPU
		{0DA712F4-BB86-4DD0-8292-246D3A1C33C5}.AppStore|Any CPU.Build.0 = Release|Any CPU
		{0DA712F4-BB86-4DD0-8292-246D3A1C33C5}.AppStore|Any CPU.Deploy.0 = Release|Any CPU
		{0DA712F4-BB86-4DD0-8292-246D3A1C33C5}.AppStore|ARM.ActiveCfg = Release|Any CPU
		{0DA712F4-BB86-4DD0-8292-246D3A1C33C5}.AppStore|ARM.Build.0 = Release|Any CPU
		{0DA712F4-BB86-4DD0-8292-246D3A1C33C5}.AppStore|ARM.Deploy.0 = Release|Any CPU
		{0DA712F4-BB86-4DD0-8292-246D3A1C33C5}.AppStore|iPhone.ActiveCfg = Release|Any CPU
		{0DA712F4-BB86-4DD0-8292-246D3A1C33C5}.AppStore|iPhone.Build.0 = Release|Any CPU
		{0DA712F4-BB86-4DD0-8292-246D3A1C33C5}.AppStore|iPhone.Deploy.0 = Release|Any CPU
		{0DA712F4-BB86-4DD0-8292-246D3A1C33C5}.AppStore|iPhoneSimulator.ActiveCfg = Release|Any CPU
		{0DA712F4-BB86-4DD0-8292-246D3A1C33C5}.AppStore|iPhoneSimulator.Build.0 = Release|Any CPU
		{0DA712F4-BB86-4DD0-8292-246D3A1C33C5}.AppStore|iPhoneSimulator.Deploy.0 = Release|Any CPU
		{0DA712F4-BB86-4DD0-8292-246D3A1C33C5}.AppStore|x64.ActiveCfg = Release|Any CPU
		{0DA712F4-BB86-4DD0-8292-246D3A1C33C5}.AppStore|x64.Build.0 = Release|Any CPU
		{0DA712F4-BB86-4DD0-8292-246D3A1C33C5}.AppStore|x64.Deploy.0 = Release|Any CPU
		{0DA712F4-BB86-4DD0-8292-246D3A1C33C5}.AppStore|x86.ActiveCfg = Release|Any CPU
		{0DA712F4-BB86-4DD0-8292-246D3A1C33C5}.AppStore|x86.Build.0 = Release|Any CPU
		{0DA712F4-BB86-4DD0-8292-246D3A1C33C5}.AppStore|x86.Deploy.0 = Release|Any CPU
		{0DA712F4-BB86-4DD0-8292-246D3A1C33C5}.Debug|Any CPU.ActiveCfg = Debug|Any CPU
		{0DA712F4-BB86-4DD0-8292-246D3A1C33C5}.Debug|Any CPU.Build.0 = Debug|Any CPU
		{0DA712F4-BB86-4DD0-8292-246D3A1C33C5}.Debug|Any CPU.Deploy.0 = Debug|Any CPU
		{0DA712F4-BB86-4DD0-8292-246D3A1C33C5}.Debug|ARM.ActiveCfg = Debug|Any CPU
		{0DA712F4-BB86-4DD0-8292-246D3A1C33C5}.Debug|ARM.Build.0 = Debug|Any CPU
		{0DA712F4-BB86-4DD0-8292-246D3A1C33C5}.Debug|ARM.Deploy.0 = Debug|Any CPU
		{0DA712F4-BB86-4DD0-8292-246D3A1C33C5}.Debug|iPhone.ActiveCfg = Debug|Any CPU
		{0DA712F4-BB86-4DD0-8292-246D3A1C33C5}.Debug|iPhone.Build.0 = Debug|Any CPU
		{0DA712F4-BB86-4DD0-8292-246D3A1C33C5}.Debug|iPhone.Deploy.0 = Debug|Any CPU
		{0DA712F4-BB86-4DD0-8292-246D3A1C33C5}.Debug|iPhoneSimulator.ActiveCfg = Debug|Any CPU
		{0DA712F4-BB86-4DD0-8292-246D3A1C33C5}.Debug|iPhoneSimulator.Build.0 = Debug|Any CPU
		{0DA712F4-BB86-4DD0-8292-246D3A1C33C5}.Debug|iPhoneSimulator.Deploy.0 = Debug|Any CPU
		{0DA712F4-BB86-4DD0-8292-246D3A1C33C5}.Debug|x64.ActiveCfg = Debug|Any CPU
		{0DA712F4-BB86-4DD0-8292-246D3A1C33C5}.Debug|x64.Build.0 = Debug|Any CPU
		{0DA712F4-BB86-4DD0-8292-246D3A1C33C5}.Debug|x64.Deploy.0 = Debug|Any CPU
		{0DA712F4-BB86-4DD0-8292-246D3A1C33C5}.Debug|x86.ActiveCfg = Debug|Any CPU
		{0DA712F4-BB86-4DD0-8292-246D3A1C33C5}.Debug|x86.Build.0 = Debug|Any CPU
		{0DA712F4-BB86-4DD0-8292-246D3A1C33C5}.Debug|x86.Deploy.0 = Debug|Any CPU
		{0DA712F4-BB86-4DD0-8292-246D3A1C33C5}.Release|Any CPU.ActiveCfg = Release|Any CPU
		{0DA712F4-BB86-4DD0-8292-246D3A1C33C5}.Release|Any CPU.Build.0 = Release|Any CPU
		{0DA712F4-BB86-4DD0-8292-246D3A1C33C5}.Release|Any CPU.Deploy.0 = Release|Any CPU
		{0DA712F4-BB86-4DD0-8292-246D3A1C33C5}.Release|ARM.ActiveCfg = Release|Any CPU
		{0DA712F4-BB86-4DD0-8292-246D3A1C33C5}.Release|ARM.Build.0 = Release|Any CPU
		{0DA712F4-BB86-4DD0-8292-246D3A1C33C5}.Release|ARM.Deploy.0 = Release|Any CPU
		{0DA712F4-BB86-4DD0-8292-246D3A1C33C5}.Release|iPhone.ActiveCfg = Release|Any CPU
		{0DA712F4-BB86-4DD0-8292-246D3A1C33C5}.Release|iPhone.Build.0 = Release|Any CPU
		{0DA712F4-BB86-4DD0-8292-246D3A1C33C5}.Release|iPhone.Deploy.0 = Release|Any CPU
		{0DA712F4-BB86-4DD0-8292-246D3A1C33C5}.Release|iPhoneSimulator.ActiveCfg = Release|Any CPU
		{0DA712F4-BB86-4DD0-8292-246D3A1C33C5}.Release|iPhoneSimulator.Build.0 = Release|Any CPU
		{0DA712F4-BB86-4DD0-8292-246D3A1C33C5}.Release|iPhoneSimulator.Deploy.0 = Release|Any CPU
		{0DA712F4-BB86-4DD0-8292-246D3A1C33C5}.Release|x64.ActiveCfg = Release|Any CPU
		{0DA712F4-BB86-4DD0-8292-246D3A1C33C5}.Release|x64.Build.0 = Release|Any CPU
		{0DA712F4-BB86-4DD0-8292-246D3A1C33C5}.Release|x64.Deploy.0 = Release|Any CPU
		{0DA712F4-BB86-4DD0-8292-246D3A1C33C5}.Release|x86.ActiveCfg = Release|Any CPU
		{0DA712F4-BB86-4DD0-8292-246D3A1C33C5}.Release|x86.Build.0 = Release|Any CPU
		{0DA712F4-BB86-4DD0-8292-246D3A1C33C5}.Release|x86.Deploy.0 = Release|Any CPU
		{4E27F1B8-2EAC-4CCD-BBDF-FBCDE77B290F}.Ad-Hoc|Any CPU.ActiveCfg = Ad-Hoc|iPhone
		{4E27F1B8-2EAC-4CCD-BBDF-FBCDE77B290F}.Ad-Hoc|ARM.ActiveCfg = Ad-Hoc|iPhone
		{4E27F1B8-2EAC-4CCD-BBDF-FBCDE77B290F}.Ad-Hoc|iPhone.ActiveCfg = Ad-Hoc|iPhone
		{4E27F1B8-2EAC-4CCD-BBDF-FBCDE77B290F}.Ad-Hoc|iPhone.Build.0 = Ad-Hoc|iPhone
		{4E27F1B8-2EAC-4CCD-BBDF-FBCDE77B290F}.Ad-Hoc|iPhoneSimulator.ActiveCfg = Ad-Hoc|iPhoneSimulator
		{4E27F1B8-2EAC-4CCD-BBDF-FBCDE77B290F}.Ad-Hoc|iPhoneSimulator.Build.0 = Ad-Hoc|iPhoneSimulator
		{4E27F1B8-2EAC-4CCD-BBDF-FBCDE77B290F}.Ad-Hoc|x64.ActiveCfg = Ad-Hoc|iPhone
		{4E27F1B8-2EAC-4CCD-BBDF-FBCDE77B290F}.Ad-Hoc|x86.ActiveCfg = Ad-Hoc|iPhone
		{4E27F1B8-2EAC-4CCD-BBDF-FBCDE77B290F}.AppStore|Any CPU.ActiveCfg = AppStore|iPhone
		{4E27F1B8-2EAC-4CCD-BBDF-FBCDE77B290F}.AppStore|ARM.ActiveCfg = AppStore|iPhone
		{4E27F1B8-2EAC-4CCD-BBDF-FBCDE77B290F}.AppStore|iPhone.ActiveCfg = AppStore|iPhone
		{4E27F1B8-2EAC-4CCD-BBDF-FBCDE77B290F}.AppStore|iPhone.Build.0 = AppStore|iPhone
		{4E27F1B8-2EAC-4CCD-BBDF-FBCDE77B290F}.AppStore|iPhoneSimulator.ActiveCfg = AppStore|iPhoneSimulator
		{4E27F1B8-2EAC-4CCD-BBDF-FBCDE77B290F}.AppStore|iPhoneSimulator.Build.0 = AppStore|iPhoneSimulator
		{4E27F1B8-2EAC-4CCD-BBDF-FBCDE77B290F}.AppStore|x64.ActiveCfg = AppStore|iPhone
		{4E27F1B8-2EAC-4CCD-BBDF-FBCDE77B290F}.AppStore|x86.ActiveCfg = AppStore|iPhone
		{4E27F1B8-2EAC-4CCD-BBDF-FBCDE77B290F}.Debug|Any CPU.ActiveCfg = Debug|iPhone
		{4E27F1B8-2EAC-4CCD-BBDF-FBCDE77B290F}.Debug|ARM.ActiveCfg = Debug|iPhone
		{4E27F1B8-2EAC-4CCD-BBDF-FBCDE77B290F}.Debug|iPhone.ActiveCfg = Debug|iPhone
		{4E27F1B8-2EAC-4CCD-BBDF-FBCDE77B290F}.Debug|iPhone.Build.0 = Debug|iPhone
		{4E27F1B8-2EAC-4CCD-BBDF-FBCDE77B290F}.Debug|iPhoneSimulator.ActiveCfg = Debug|iPhoneSimulator
		{4E27F1B8-2EAC-4CCD-BBDF-FBCDE77B290F}.Debug|iPhoneSimulator.Build.0 = Debug|iPhoneSimulator
		{4E27F1B8-2EAC-4CCD-BBDF-FBCDE77B290F}.Debug|x64.ActiveCfg = Debug|iPhone
		{4E27F1B8-2EAC-4CCD-BBDF-FBCDE77B290F}.Debug|x86.ActiveCfg = Debug|iPhone
		{4E27F1B8-2EAC-4CCD-BBDF-FBCDE77B290F}.Release|Any CPU.ActiveCfg = Release|iPhone
		{4E27F1B8-2EAC-4CCD-BBDF-FBCDE77B290F}.Release|ARM.ActiveCfg = Release|iPhone
		{4E27F1B8-2EAC-4CCD-BBDF-FBCDE77B290F}.Release|iPhone.ActiveCfg = Release|iPhone
		{4E27F1B8-2EAC-4CCD-BBDF-FBCDE77B290F}.Release|iPhone.Build.0 = Release|iPhone
		{4E27F1B8-2EAC-4CCD-BBDF-FBCDE77B290F}.Release|iPhoneSimulator.ActiveCfg = Release|iPhoneSimulator
		{4E27F1B8-2EAC-4CCD-BBDF-FBCDE77B290F}.Release|iPhoneSimulator.Build.0 = Release|iPhoneSimulator
		{4E27F1B8-2EAC-4CCD-BBDF-FBCDE77B290F}.Release|x64.ActiveCfg = Release|iPhone
		{4E27F1B8-2EAC-4CCD-BBDF-FBCDE77B290F}.Release|x86.ActiveCfg = Release|iPhone
		{320C36C4-F70F-49EB-AADB-9921DD7741D2}.Ad-Hoc|Any CPU.ActiveCfg = Release|x64
		{320C36C4-F70F-49EB-AADB-9921DD7741D2}.Ad-Hoc|Any CPU.Build.0 = Release|x64
		{320C36C4-F70F-49EB-AADB-9921DD7741D2}.Ad-Hoc|Any CPU.Deploy.0 = Release|x64
		{320C36C4-F70F-49EB-AADB-9921DD7741D2}.Ad-Hoc|ARM.ActiveCfg = Release|ARM
		{320C36C4-F70F-49EB-AADB-9921DD7741D2}.Ad-Hoc|ARM.Build.0 = Release|ARM
		{320C36C4-F70F-49EB-AADB-9921DD7741D2}.Ad-Hoc|ARM.Deploy.0 = Release|ARM
		{320C36C4-F70F-49EB-AADB-9921DD7741D2}.Ad-Hoc|iPhone.ActiveCfg = Release|x64
		{320C36C4-F70F-49EB-AADB-9921DD7741D2}.Ad-Hoc|iPhone.Build.0 = Release|x64
		{320C36C4-F70F-49EB-AADB-9921DD7741D2}.Ad-Hoc|iPhone.Deploy.0 = Release|x64
		{320C36C4-F70F-49EB-AADB-9921DD7741D2}.Ad-Hoc|iPhoneSimulator.ActiveCfg = Release|x64
		{320C36C4-F70F-49EB-AADB-9921DD7741D2}.Ad-Hoc|iPhoneSimulator.Build.0 = Release|x64
		{320C36C4-F70F-49EB-AADB-9921DD7741D2}.Ad-Hoc|iPhoneSimulator.Deploy.0 = Release|x64
		{320C36C4-F70F-49EB-AADB-9921DD7741D2}.Ad-Hoc|x64.ActiveCfg = Release|x64
		{320C36C4-F70F-49EB-AADB-9921DD7741D2}.Ad-Hoc|x64.Build.0 = Release|x64
		{320C36C4-F70F-49EB-AADB-9921DD7741D2}.Ad-Hoc|x64.Deploy.0 = Release|x64
		{320C36C4-F70F-49EB-AADB-9921DD7741D2}.Ad-Hoc|x86.ActiveCfg = Release|x86
		{320C36C4-F70F-49EB-AADB-9921DD7741D2}.Ad-Hoc|x86.Build.0 = Release|x86
		{320C36C4-F70F-49EB-AADB-9921DD7741D2}.Ad-Hoc|x86.Deploy.0 = Release|x86
		{320C36C4-F70F-49EB-AADB-9921DD7741D2}.AppStore|Any CPU.ActiveCfg = Release|x64
		{320C36C4-F70F-49EB-AADB-9921DD7741D2}.AppStore|Any CPU.Build.0 = Release|x64
		{320C36C4-F70F-49EB-AADB-9921DD7741D2}.AppStore|Any CPU.Deploy.0 = Release|x64
		{320C36C4-F70F-49EB-AADB-9921DD7741D2}.AppStore|ARM.ActiveCfg = Release|ARM
		{320C36C4-F70F-49EB-AADB-9921DD7741D2}.AppStore|ARM.Build.0 = Release|ARM
		{320C36C4-F70F-49EB-AADB-9921DD7741D2}.AppStore|ARM.Deploy.0 = Release|ARM
		{320C36C4-F70F-49EB-AADB-9921DD7741D2}.AppStore|iPhone.ActiveCfg = Release|x64
		{320C36C4-F70F-49EB-AADB-9921DD7741D2}.AppStore|iPhone.Build.0 = Release|x64
		{320C36C4-F70F-49EB-AADB-9921DD7741D2}.AppStore|iPhone.Deploy.0 = Release|x64
		{320C36C4-F70F-49EB-AADB-9921DD7741D2}.AppStore|iPhoneSimulator.ActiveCfg = Release|x64
		{320C36C4-F70F-49EB-AADB-9921DD7741D2}.AppStore|iPhoneSimulator.Build.0 = Release|x64
		{320C36C4-F70F-49EB-AADB-9921DD7741D2}.AppStore|iPhoneSimulator.Deploy.0 = Release|x64
		{320C36C4-F70F-49EB-AADB-9921DD7741D2}.AppStore|x64.ActiveCfg = Release|x64
		{320C36C4-F70F-49EB-AADB-9921DD7741D2}.AppStore|x64.Build.0 = Release|x64
		{320C36C4-F70F-49EB-AADB-9921DD7741D2}.AppStore|x64.Deploy.0 = Release|x64
		{320C36C4-F70F-49EB-AADB-9921DD7741D2}.AppStore|x86.ActiveCfg = Release|x86
		{320C36C4-F70F-49EB-AADB-9921DD7741D2}.AppStore|x86.Build.0 = Release|x86
		{320C36C4-F70F-49EB-AADB-9921DD7741D2}.AppStore|x86.Deploy.0 = Release|x86
		{320C36C4-F70F-49EB-AADB-9921DD7741D2}.Debug|Any CPU.ActiveCfg = Debug|x86
		{320C36C4-F70F-49EB-AADB-9921DD7741D2}.Debug|Any CPU.Build.0 = Debug|x86
		{320C36C4-F70F-49EB-AADB-9921DD7741D2}.Debug|Any CPU.Deploy.0 = Debug|x86
		{320C36C4-F70F-49EB-AADB-9921DD7741D2}.Debug|ARM.ActiveCfg = Debug|ARM
		{320C36C4-F70F-49EB-AADB-9921DD7741D2}.Debug|ARM.Build.0 = Debug|ARM
		{320C36C4-F70F-49EB-AADB-9921DD7741D2}.Debug|ARM.Deploy.0 = Debug|ARM
		{320C36C4-F70F-49EB-AADB-9921DD7741D2}.Debug|iPhone.ActiveCfg = Debug|x86
		{320C36C4-F70F-49EB-AADB-9921DD7741D2}.Debug|iPhoneSimulator.ActiveCfg = Debug|x86
		{320C36C4-F70F-49EB-AADB-9921DD7741D2}.Debug|x64.ActiveCfg = Debug|x64
		{320C36C4-F70F-49EB-AADB-9921DD7741D2}.Debug|x64.Build.0 = Debug|x64
		{320C36C4-F70F-49EB-AADB-9921DD7741D2}.Debug|x64.Deploy.0 = Debug|x64
		{320C36C4-F70F-49EB-AADB-9921DD7741D2}.Debug|x86.ActiveCfg = Debug|x86
		{320C36C4-F70F-49EB-AADB-9921DD7741D2}.Debug|x86.Build.0 = Debug|x86
		{320C36C4-F70F-49EB-AADB-9921DD7741D2}.Debug|x86.Deploy.0 = Debug|x86
		{320C36C4-F70F-49EB-AADB-9921DD7741D2}.Release|Any CPU.ActiveCfg = Release|x86
		{320C36C4-F70F-49EB-AADB-9921DD7741D2}.Release|ARM.ActiveCfg = Release|ARM
		{320C36C4-F70F-49EB-AADB-9921DD7741D2}.Release|ARM.Build.0 = Release|ARM
		{320C36C4-F70F-49EB-AADB-9921DD7741D2}.Release|ARM.Deploy.0 = Release|ARM
		{320C36C4-F70F-49EB-AADB-9921DD7741D2}.Release|iPhone.ActiveCfg = Release|x86
		{320C36C4-F70F-49EB-AADB-9921DD7741D2}.Release|iPhoneSimulator.ActiveCfg = Release|x86
		{320C36C4-F70F-49EB-AADB-9921DD7741D2}.Release|x64.ActiveCfg = Release|x64
		{320C36C4-F70F-49EB-AADB-9921DD7741D2}.Release|x64.Build.0 = Release|x64
		{320C36C4-F70F-49EB-AADB-9921DD7741D2}.Release|x64.Deploy.0 = Release|x64
		{320C36C4-F70F-49EB-AADB-9921DD7741D2}.Release|x86.ActiveCfg = Release|x86
		{320C36C4-F70F-49EB-AADB-9921DD7741D2}.Release|x86.Build.0 = Release|x86
		{320C36C4-F70F-49EB-AADB-9921DD7741D2}.Release|x86.Deploy.0 = Release|x86
		{2106D2BB-EA87-4FF2-A9FF-EC4ACD1FE964}.Ad-Hoc|Any CPU.ActiveCfg = Debug|Any CPU
		{2106D2BB-EA87-4FF2-A9FF-EC4ACD1FE964}.Ad-Hoc|Any CPU.Build.0 = Debug|Any CPU
		{2106D2BB-EA87-4FF2-A9FF-EC4ACD1FE964}.Ad-Hoc|ARM.ActiveCfg = Debug|Any CPU
		{2106D2BB-EA87-4FF2-A9FF-EC4ACD1FE964}.Ad-Hoc|ARM.Build.0 = Debug|Any CPU
		{2106D2BB-EA87-4FF2-A9FF-EC4ACD1FE964}.Ad-Hoc|iPhone.ActiveCfg = Debug|Any CPU
		{2106D2BB-EA87-4FF2-A9FF-EC4ACD1FE964}.Ad-Hoc|iPhone.Build.0 = Debug|Any CPU
		{2106D2BB-EA87-4FF2-A9FF-EC4ACD1FE964}.Ad-Hoc|iPhoneSimulator.ActiveCfg = Debug|Any CPU
		{2106D2BB-EA87-4FF2-A9FF-EC4ACD1FE964}.Ad-Hoc|iPhoneSimulator.Build.0 = Debug|Any CPU
		{2106D2BB-EA87-4FF2-A9FF-EC4ACD1FE964}.Ad-Hoc|x64.ActiveCfg = Debug|Any CPU
		{2106D2BB-EA87-4FF2-A9FF-EC4ACD1FE964}.Ad-Hoc|x64.Build.0 = Debug|Any CPU
		{2106D2BB-EA87-4FF2-A9FF-EC4ACD1FE964}.Ad-Hoc|x86.ActiveCfg = Debug|Any CPU
		{2106D2BB-EA87-4FF2-A9FF-EC4ACD1FE964}.Ad-Hoc|x86.Build.0 = Debug|Any CPU
		{2106D2BB-EA87-4FF2-A9FF-EC4ACD1FE964}.AppStore|Any CPU.ActiveCfg = Debug|Any CPU
		{2106D2BB-EA87-4FF2-A9FF-EC4ACD1FE964}.AppStore|Any CPU.Build.0 = Debug|Any CPU
		{2106D2BB-EA87-4FF2-A9FF-EC4ACD1FE964}.AppStore|ARM.ActiveCfg = Debug|Any CPU
		{2106D2BB-EA87-4FF2-A9FF-EC4ACD1FE964}.AppStore|ARM.Build.0 = Debug|Any CPU
		{2106D2BB-EA87-4FF2-A9FF-EC4ACD1FE964}.AppStore|iPhone.ActiveCfg = Debug|Any CPU
		{2106D2BB-EA87-4FF2-A9FF-EC4ACD1FE964}.AppStore|iPhone.Build.0 = Debug|Any CPU
		{2106D2BB-EA87-4FF2-A9FF-EC4ACD1FE964}.AppStore|iPhoneSimulator.ActiveCfg = Debug|Any CPU
		{2106D2BB-EA87-4FF2-A9FF-EC4ACD1FE964}.AppStore|iPhoneSimulator.Build.0 = Debug|Any CPU
		{2106D2BB-EA87-4FF2-A9FF-EC4ACD1FE964}.AppStore|x64.ActiveCfg = Debug|Any CPU
		{2106D2BB-EA87-4FF2-A9FF-EC4ACD1FE964}.AppStore|x64.Build.0 = Debug|Any CPU
		{2106D2BB-EA87-4FF2-A9FF-EC4ACD1FE964}.AppStore|x86.ActiveCfg = Debug|Any CPU
		{2106D2BB-EA87-4FF2-A9FF-EC4ACD1FE964}.AppStore|x86.Build.0 = Debug|Any CPU
		{2106D2BB-EA87-4FF2-A9FF-EC4ACD1FE964}.Debug|Any CPU.ActiveCfg = Debug|Any CPU
		{2106D2BB-EA87-4FF2-A9FF-EC4ACD1FE964}.Debug|Any CPU.Build.0 = Debug|Any CPU
		{2106D2BB-EA87-4FF2-A9FF-EC4ACD1FE964}.Debug|ARM.ActiveCfg = Debug|Any CPU
		{2106D2BB-EA87-4FF2-A9FF-EC4ACD1FE964}.Debug|ARM.Build.0 = Debug|Any CPU
		{2106D2BB-EA87-4FF2-A9FF-EC4ACD1FE964}.Debug|iPhone.ActiveCfg = Debug|Any CPU
		{2106D2BB-EA87-4FF2-A9FF-EC4ACD1FE964}.Debug|iPhone.Build.0 = Debug|Any CPU
		{2106D2BB-EA87-4FF2-A9FF-EC4ACD1FE964}.Debug|iPhoneSimulator.ActiveCfg = Debug|Any CPU
		{2106D2BB-EA87-4FF2-A9FF-EC4ACD1FE964}.Debug|iPhoneSimulator.Build.0 = Debug|Any CPU
		{2106D2BB-EA87-4FF2-A9FF-EC4ACD1FE964}.Debug|x64.ActiveCfg = Debug|Any CPU
		{2106D2BB-EA87-4FF2-A9FF-EC4ACD1FE964}.Debug|x64.Build.0 = Debug|Any CPU
		{2106D2BB-EA87-4FF2-A9FF-EC4ACD1FE964}.Debug|x86.ActiveCfg = Debug|Any CPU
		{2106D2BB-EA87-4FF2-A9FF-EC4ACD1FE964}.Debug|x86.Build.0 = Debug|Any CPU
		{2106D2BB-EA87-4FF2-A9FF-EC4ACD1FE964}.Release|Any CPU.ActiveCfg = Release|Any CPU
		{2106D2BB-EA87-4FF2-A9FF-EC4ACD1FE964}.Release|Any CPU.Build.0 = Release|Any CPU
		{2106D2BB-EA87-4FF2-A9FF-EC4ACD1FE964}.Release|ARM.ActiveCfg = Release|Any CPU
		{2106D2BB-EA87-4FF2-A9FF-EC4ACD1FE964}.Release|ARM.Build.0 = Release|Any CPU
		{2106D2BB-EA87-4FF2-A9FF-EC4ACD1FE964}.Release|iPhone.ActiveCfg = Release|Any CPU
		{2106D2BB-EA87-4FF2-A9FF-EC4ACD1FE964}.Release|iPhone.Build.0 = Release|Any CPU
		{2106D2BB-EA87-4FF2-A9FF-EC4ACD1FE964}.Release|iPhoneSimulator.ActiveCfg = Release|Any CPU
		{2106D2BB-EA87-4FF2-A9FF-EC4ACD1FE964}.Release|iPhoneSimulator.Build.0 = Release|Any CPU
		{2106D2BB-EA87-4FF2-A9FF-EC4ACD1FE964}.Release|x64.ActiveCfg = Release|Any CPU
		{2106D2BB-EA87-4FF2-A9FF-EC4ACD1FE964}.Release|x64.Build.0 = Release|Any CPU
		{2106D2BB-EA87-4FF2-A9FF-EC4ACD1FE964}.Release|x86.ActiveCfg = Release|Any CPU
		{2106D2BB-EA87-4FF2-A9FF-EC4ACD1FE964}.Release|x86.Build.0 = Release|Any CPU
	EndGlobalSection
	GlobalSection(SolutionProperties) = preSolution
		HideSolutionNode = FALSE
	EndGlobalSection
	GlobalSection(ExtensibilityGlobals) = postSolution
		SolutionGuid = {67371FDC-E3C0-4651-BFF7-418E3A162E18}
	EndGlobalSection
EndGlobal
